
Microsoft Visual Studio Solution File, Format Version 12.00
# Visual Studio 15
VisualStudioVersion = 15.0.28010.2050
MinimumVisualStudioVersion = 10.0.40219.1
Project("{FAE04EC0-301F-11D3-BF4B-00C04F79EFBC}") = "eCommerce.Models", "eCommerce.Models\eCommerce.Models.csproj", "{7CC9D85C-7D66-42AF-A0EC-5BE036FC98FC}"
EndProject
Project("{FAE04EC0-301F-11D3-BF4B-00C04F79EFBC}") = "eCommerce.Contract", "eCommerce.Contract\eCommerce.Contract.csproj", "{55216875-B20D-4121-94C5-405E358DA23A}"
EndProject
Project("{FAE04EC0-301F-11D3-BF4B-00C04F79EFBC}") = "eCommerce.DAL", "eCommerce.DAL\eCommerce.DAL.csproj", "{BFD66673-7EE2-4853-A9AE-C05FA547EAF0}"
EndProject
Project("{FAE04EC0-301F-11D3-BF4B-00C04F79EFBC}") = "eCommerce.WebUI", "eCommerce.WebUI\eCommerce.WebUI.csproj", "{EFFACD10-FAF8-48B8-9CC9-446B56B9AB12}"
EndProject
Project("{FAE04EC0-301F-11D3-BF4B-00C04F79EFBC}") = "eCommerce.Services", "eCommerce.Services\eCommerce.Services.csproj", "{34EE5E05-BC77-4706-8C7F-AF64C99DA68F}"
EndProject
Global
	GlobalSection(SolutionConfigurationPlatforms) = preSolution
		Debug|Any CPU = Debug|Any CPU
		Release|Any CPU = Release|Any CPU
	EndGlobalSection
	GlobalSection(ProjectConfigurationPlatforms) = postSolution
		{7CC9D85C-7D66-42AF-A0EC-5BE036FC98FC}.Debug|Any CPU.ActiveCfg = Debug|Any CPU
		{7CC9D85C-7D66-42AF-A0EC-5BE036FC98FC}.Debug|Any CPU.Build.0 = Debug|Any CPU
		{7CC9D85C-7D66-42AF-A0EC-5BE036FC98FC}.Release|Any CPU.ActiveCfg = Release|Any CPU
		{7CC9D85C-7D66-42AF-A0EC-5BE036FC98FC}.Release|Any CPU.Build.0 = Release|Any CPU
		{55216875-B20D-4121-94C5-405E358DA23A}.Debug|Any CPU.ActiveCfg = Debug|Any CPU
		{55216875-B20D-4121-94C5-405E358DA23A}.Debug|Any CPU.Build.0 = Debug|Any CPU
		{55216875-B20D-4121-94C5-405E358DA23A}.Release|Any CPU.ActiveCfg = Release|Any CPU
		{55216875-B20D-4121-94C5-405E358DA23A}.Release|Any CPU.Build.0 = Release|Any CPU
		{BFD66673-7EE2-4853-A9AE-C05FA547EAF0}.Debug|Any CPU.ActiveCfg = Debug|Any CPU
		{BFD66673-7EE2-4853-A9AE-C05FA547EAF0}.Debug|Any CPU.Build.0 = Debug|Any CPU
		{BFD66673-7EE2-4853-A9AE-C05FA547EAF0}.Release|Any CPU.ActiveCfg = Release|Any CPU
		{BFD66673-7EE2-4853-A9AE-C05FA547EAF0}.Release|Any CPU.Build.0 = Release|Any CPU
		{EFFACD10-FAF8-48B8-9CC9-446B56B9AB12}.Debug|Any CPU.ActiveCfg = Debug|Any CPU
		{EFFACD10-FAF8-48B8-9CC9-446B56B9AB12}.Debug|Any CPU.Build.0 = Debug|Any CPU
		{EFFACD10-FAF8-48B8-9CC9-446B56B9AB12}.Release|Any CPU.ActiveCfg = Release|Any CPU
		{EFFACD10-FAF8-48B8-9CC9-446B56B9AB12}.Release|Any CPU.Build.0 = Release|Any CPU
		{34EE5E05-BC77-4706-8C7F-AF64C99DA68F}.Debug|Any CPU.ActiveCfg = Debug|Any CPU
		{34EE5E05-BC77-4706-8C7F-AF64C99DA68F}.Debug|Any CPU.Build.0 = Debug|Any CPU
		{34EE5E05-BC77-4706-8C7F-AF64C99DA68F}.Release|Any CPU.ActiveCfg = Release|Any CPU
		{34EE5E05-BC77-4706-8C7F-AF64C99DA68F}.Release|Any CPU.Build.0 = Release|Any CPU
	EndGlobalSection
	GlobalSection(SolutionProperties) = preSolution
		HideSolutionNode = FALSE
	EndGlobalSection
	GlobalSection(ExtensibilityGlobals) = postSolution
		SolutionGuid = {98C459E6-25B1-41E7-B889-608A75251C5D}
	EndGlobalSection
EndGlobal
